<?xml version="1.0" encoding="utf-8"?>
<Project ToolsVersion="4.0" xmlns="http://schemas.microsoft.com/developer/msbuild/2003">
  <ItemGroup>
    <Filter Include="Source Files">
      <UniqueIdentifier>{c65fed4b-cdbc-46e5-913b-cd6ed0d265d3}</UniqueIdentifier>
    </Filter>
    <Filter Include="Generated Files">
      <UniqueIdentifier>{863bfd61-d88c-4a0b-9db1-fd58e44df73f}</UniqueIdentifier>
      <SourceControlFiles>False</SourceControlFiles>
    </Filter>
  </ItemGroup>
  <ItemGroup>
    <None Include="COMServerps.def" />
  </ItemGroup>
  <ItemGroup>
    <ClCompile Include="COMServer_i.c">
      <Filter>Generated Files</Filter>
    </ClCompile>
    <ClCompile Include="COMServer_p.c">
      <Filter>Generated Files</Filter>
    </ClCompile>
    <ClCompile Include="dlldata.c">
      <Filter>Generated Files</Filter>
    </ClCompile>
  </ItemGroup>
</Project>