
Microsoft Visual Studio Solution File, Format Version 12.00
# Visual Studio 2012
Project("{FAE04EC0-301F-11D3-BF4B-00C04F79EFBC}") = "WCFExample", "WCFExample\WCFExample.csproj", "{6F4D4EEF-CD69-45E4-AC89-9693BE93D343}"
EndProject
Project("{FAE04EC0-301F-11D3-BF4B-00C04F79EFBC}") = "WCFCustomHost", "WCFCustomHost\WCFCustomHost.csproj", "{0550C939-77E1-4C88-8872-E11DFA8B8C67}"
EndProject
Project("{FAE04EC0-301F-11D3-BF4B-00C04F79EFBC}") = "WCFWindowsService", "WCFWindowsService\WCFWindowsService.csproj", "{50CFF684-4F19-4E8F-B64D-FEB5EACD2247}"
EndProject
Global
	GlobalSection(SolutionConfigurationPlatforms) = preSolution
		Debug|Any CPU = Debug|Any CPU
		Debug|Mixed Platforms = Debug|Mixed Platforms
		Debug|x86 = Debug|x86
		Release|Any CPU = Release|Any CPU
		Release|Mixed Platforms = Release|Mixed Platforms
		Release|x86 = Release|x86
	EndGlobalSection
	GlobalSection(ProjectConfigurationPlatforms) = postSolution
		{6F4D4EEF-CD69-45E4-AC89-9693BE93D343}.Debug|Any CPU.ActiveCfg = Debug|Any CPU
		{6F4D4EEF-CD69-45E4-AC89-9693BE93D343}.Debug|Any CPU.Build.0 = Debug|Any CPU
		{6F4D4EEF-CD69-45E4-AC89-9693BE93D343}.Debug|Mixed Platforms.ActiveCfg = Debug|Any CPU
		{6F4D4EEF-CD69-45E4-AC89-9693BE93D343}.Debug|Mixed Platforms.Build.0 = Debug|Any CPU
		{6F4D4EEF-CD69-45E4-AC89-9693BE93D343}.Debug|x86.ActiveCfg = Debug|Any CPU
		{6F4D4EEF-CD69-45E4-AC89-9693BE93D343}.Release|Any CPU.ActiveCfg = Release|Any CPU
		{6F4D4EEF-CD69-45E4-AC89-9693BE93D343}.Release|Any CPU.Build.0 = Release|Any CPU
		{6F4D4EEF-CD69-45E4-AC89-9693BE93D343}.Release|Mixed Platforms.ActiveCfg = Release|Any CPU
		{6F4D4EEF-CD69-45E4-AC89-9693BE93D343}.Release|Mixed Platforms.Build.0 = Release|Any CPU
		{6F4D4EEF-CD69-45E4-AC89-9693BE93D343}.Release|x86.ActiveCfg = Release|Any CPU
		{0550C939-77E1-4C88-8872-E11DFA8B8C67}.Debug|Any CPU.ActiveCfg = Debug|x86
		{0550C939-77E1-4C88-8872-E11DFA8B8C67}.Debug|Mixed Platforms.ActiveCfg = Debug|x86
		{0550C939-77E1-4C88-8872-E11DFA8B8C67}.Debug|Mixed Platforms.Build.0 = Debug|x86
		{0550C939-77E1-4C88-8872-E11DFA8B8C67}.Debug|x86.ActiveCfg = Debug|x86
		{0550C939-77E1-4C88-8872-E11DFA8B8C67}.Debug|x86.Build.0 = Debug|x86
		{0550C939-77E1-4C88-8872-E11DFA8B8C67}.Release|Any CPU.ActiveCfg = Release|x86
		{0550C939-77E1-4C88-8872-E11DFA8B8C67}.Release|Mixed Platforms.ActiveCfg = Release|x86
		{0550C939-77E1-4C88-8872-E11DFA8B8C67}.Release|Mixed Platforms.Build.0 = Release|x86
		{0550C939-77E1-4C88-8872-E11DFA8B8C67}.Release|x86.ActiveCfg = Release|x86
		{0550C939-77E1-4C88-8872-E11DFA8B8C67}.Release|x86.Build.0 = Release|x86
		{50CFF684-4F19-4E8F-B64D-FEB5EACD2247}.Debug|Any CPU.ActiveCfg = Debug|Any CPU
		{50CFF684-4F19-4E8F-B64D-FEB5EACD2247}.Debug|Any CPU.Build.0 = Debug|Any CPU
		{50CFF684-4F19-4E8F-B64D-FEB5EACD2247}.Debug|Mixed Platforms.ActiveCfg = Debug|Any CPU
		{50CFF684-4F19-4E8F-B64D-FEB5EACD2247}.Debug|Mixed Platforms.Build.0 = Debug|Any CPU
		{50CFF684-4F19-4E8F-B64D-FEB5EACD2247}.Debug|x86.ActiveCfg = Debug|Any CPU
		{50CFF684-4F19-4E8F-B64D-FEB5EACD2247}.Release|Any CPU.ActiveCfg = Release|Any CPU
		{50CFF684-4F19-4E8F-B64D-FEB5EACD2247}.Release|Any CPU.Build.0 = Release|Any CPU
		{50CFF684-4F19-4E8F-B64D-FEB5EACD2247}.Release|Mixed Platforms.ActiveCfg = Release|Any CPU
		{50CFF684-4F19-4E8F-B64D-FEB5EACD2247}.Release|Mixed Platforms.Build.0 = Release|Any CPU
		{50CFF684-4F19-4E8F-B64D-FEB5EACD2247}.Release|x86.ActiveCfg = Release|Any CPU
	EndGlobalSection
	GlobalSection(SolutionProperties) = preSolution
		HideSolutionNode = FALSE
	EndGlobalSection
EndGlobal
